
Microsoft Visual Studio Solution File, Format Version 12.00
# Visual Studio 15
Project("{FAE04EC0-301F-11D3-BF4B-00C04F79EFBC}") = "ORM", "ORM\ORM.csproj", "{7A1D98E0-37DF-4919-81FE-80B49B07FD11}"
EndProject
Global
	GlobalSection(SolutionConfigurationPlatforms) = preSolution
		Debug|Any CPU = Debug|Any CPU
		Release|Any CPU = Release|Any CPU
	EndGlobalSection
	GlobalSection(ProjectConfigurationPlatforms) = postSolution
		{7A1D98E0-37DF-4919-81FE-80B49B07FD11}.Debug|Any CPU.ActiveCfg = Debug|Any CPU
		{7A1D98E0-37DF-4919-81FE-80B49B07FD11}.Debug|Any CPU.Build.0 = Debug|Any CPU
		{7A1D98E0-37DF-4919-81FE-80B49B07FD11}.Release|Any CPU.ActiveCfg = Release|Any CPU
		{7A1D98E0-37DF-4919-81FE-80B49B07FD11}.Release|Any CPU.Build.0 = Release|Any CPU
	EndGlobalSection
EndGlobal
